
Microsoft Visual Studio Solution File, Format Version 12.00
# Visual Studio Version 16
VisualStudioVersion = 16.0.29324.140
MinimumVisualStudioVersion = 10.0.40219.1
Project("{9A19103F-16F7-4668-BE54-9A1E7A4F7556}") = "MusicAggregatorApi", "Src\Application\WebServices\MusicAggregatorApi\MusicAggregatorApi.csproj", "{09742DFD-9304-4BDE-BC8E-C17CE4F35299}"
EndProject
Project("{2150E333-8FDC-42A3-9474-1A3956D46DE8}") = "Src", "Src", "{C623A156-0F04-476E-80A7-96DD334802AE}"
	ProjectSection(SolutionItems) = preProject
		TODO.txt = TODO.txt
	EndProjectSection
EndProject
Project("{2150E333-8FDC-42A3-9474-1A3956D46DE8}") = "Application", "Application", "{A0F618D3-AE34-4B0B-8BEB-30D9FB847324}"
EndProject
Project("{2150E333-8FDC-42A3-9474-1A3956D46DE8}") = "WebServices", "WebServices", "{B1AEEEA1-B23F-498F-A71A-DF008AB4A630}"
EndProject
Project("{2150E333-8FDC-42A3-9474-1A3956D46DE8}") = "Data", "Data", "{C72E027C-263F-4CC4-89A3-C427C3624017}"
EndProject
Project("{9A19103F-16F7-4668-BE54-9A1E7A4F7556}") = "Spotify.Api", "Src\Application\Data\Spotify.Api\Spotify.Api.csproj", "{5E8D83A4-73E7-43C3-9478-11598377AFE9}"
EndProject
Project("{9A19103F-16F7-4668-BE54-9A1E7A4F7556}") = "Common", "Src\Application\Common\Common\Common.csproj", "{D6341600-6FBB-48FE-9134-4E262FED4F77}"
EndProject
Project("{2150E333-8FDC-42A3-9474-1A3956D46DE8}") = "Common", "Common", "{2B6D20A1-05DC-41B3-9817-D9C60F41963F}"
EndProject
Project("{9A19103F-16F7-4668-BE54-9A1E7A4F7556}") = "Data", "Src\Application\Data\Data\Data.csproj", "{B1F5FCDD-9C3B-4A73-BA7E-F2DA456055EE}"
EndProject
Project("{2150E333-8FDC-42A3-9474-1A3956D46DE8}") = "Logic", "Logic", "{FC896771-ECE3-4E19-908B-5F9FDE37428E}"
EndProject
Project("{9A19103F-16F7-4668-BE54-9A1E7A4F7556}") = "Logic", "Src\Application\Logic\Logic\Logic.csproj", "{9A68A4AD-4B76-442B-B481-505270488ACD}"
EndProject
Project("{2150E333-8FDC-42A3-9474-1A3956D46DE8}") = "Domain", "Domain", "{ABC9BD97-CA44-4A70-96F5-1945035B23A8}"
EndProject
Project("{9A19103F-16F7-4668-BE54-9A1E7A4F7556}") = "Domain", "Src\Application\Domain\Domain\Domain.csproj", "{B31FBDD7-E61D-4BBC-B2FB-264F03815127}"
EndProject
Project("{FAE04EC0-301F-11D3-BF4B-00C04F79EFBC}") = "Bootstrapper", "Src\Application\Common\Bootstrapper\Bootstrapper.csproj", "{06BA089E-35A5-4FF7-B5B2-DF42A6B703F6}"
EndProject
Global
	GlobalSection(SolutionConfigurationPlatforms) = preSolution
		Debug|Any CPU = Debug|Any CPU
		Release|Any CPU = Release|Any CPU
	EndGlobalSection
	GlobalSection(ProjectConfigurationPlatforms) = postSolution
		{09742DFD-9304-4BDE-BC8E-C17CE4F35299}.Debug|Any CPU.ActiveCfg = Debug|Any CPU
		{09742DFD-9304-4BDE-BC8E-C17CE4F35299}.Debug|Any CPU.Build.0 = Debug|Any CPU
		{09742DFD-9304-4BDE-BC8E-C17CE4F35299}.Release|Any CPU.ActiveCfg = Release|Any CPU
		{09742DFD-9304-4BDE-BC8E-C17CE4F35299}.Release|Any CPU.Build.0 = Release|Any CPU
		{5E8D83A4-73E7-43C3-9478-11598377AFE9}.Debug|Any CPU.ActiveCfg = Debug|Any CPU
		{5E8D83A4-73E7-43C3-9478-11598377AFE9}.Debug|Any CPU.Build.0 = Debug|Any CPU
		{5E8D83A4-73E7-43C3-9478-11598377AFE9}.Release|Any CPU.ActiveCfg = Release|Any CPU
		{5E8D83A4-73E7-43C3-9478-11598377AFE9}.Release|Any CPU.Build.0 = Release|Any CPU
		{D6341600-6FBB-48FE-9134-4E262FED4F77}.Debug|Any CPU.ActiveCfg = Debug|Any CPU
		{D6341600-6FBB-48FE-9134-4E262FED4F77}.Debug|Any CPU.Build.0 = Debug|Any CPU
		{D6341600-6FBB-48FE-9134-4E262FED4F77}.Release|Any CPU.ActiveCfg = Release|Any CPU
		{D6341600-6FBB-48FE-9134-4E262FED4F77}.Release|Any CPU.Build.0 = Release|Any CPU
		{B1F5FCDD-9C3B-4A73-BA7E-F2DA456055EE}.Debug|Any CPU.ActiveCfg = Debug|Any CPU
		{B1F5FCDD-9C3B-4A73-BA7E-F2DA456055EE}.Debug|Any CPU.Build.0 = Debug|Any CPU
		{B1F5FCDD-9C3B-4A73-BA7E-F2DA456055EE}.Release|Any CPU.ActiveCfg = Release|Any CPU
		{B1F5FCDD-9C3B-4A73-BA7E-F2DA456055EE}.Release|Any CPU.Build.0 = Release|Any CPU
		{9A68A4AD-4B76-442B-B481-505270488ACD}.Debug|Any CPU.ActiveCfg = Debug|Any CPU
		{9A68A4AD-4B76-442B-B481-505270488ACD}.Debug|Any CPU.Build.0 = Debug|Any CPU
		{9A68A4AD-4B76-442B-B481-505270488ACD}.Release|Any CPU.ActiveCfg = Release|Any CPU
		{9A68A4AD-4B76-442B-B481-505270488ACD}.Release|Any CPU.Build.0 = Release|Any CPU
		{B31FBDD7-E61D-4BBC-B2FB-264F03815127}.Debug|Any CPU.ActiveCfg = Debug|Any CPU
		{B31FBDD7-E61D-4BBC-B2FB-264F03815127}.Debug|Any CPU.Build.0 = Debug|Any CPU
		{B31FBDD7-E61D-4BBC-B2FB-264F03815127}.Release|Any CPU.ActiveCfg = Release|Any CPU
		{B31FBDD7-E61D-4BBC-B2FB-264F03815127}.Release|Any CPU.Build.0 = Release|Any CPU
		{06BA089E-35A5-4FF7-B5B2-DF42A6B703F6}.Debug|Any CPU.ActiveCfg = Debug|Any CPU
		{06BA089E-35A5-4FF7-B5B2-DF42A6B703F6}.Debug|Any CPU.Build.0 = Debug|Any CPU
		{06BA089E-35A5-4FF7-B5B2-DF42A6B703F6}.Release|Any CPU.ActiveCfg = Release|Any CPU
		{06BA089E-35A5-4FF7-B5B2-DF42A6B703F6}.Release|Any CPU.Build.0 = Release|Any CPU
	EndGlobalSection
	GlobalSection(SolutionProperties) = preSolution
		HideSolutionNode = FALSE
	EndGlobalSection
	GlobalSection(NestedProjects) = preSolution
		{09742DFD-9304-4BDE-BC8E-C17CE4F35299} = {B1AEEEA1-B23F-498F-A71A-DF008AB4A630}
		{A0F618D3-AE34-4B0B-8BEB-30D9FB847324} = {C623A156-0F04-476E-80A7-96DD334802AE}
		{B1AEEEA1-B23F-498F-A71A-DF008AB4A630} = {A0F618D3-AE34-4B0B-8BEB-30D9FB847324}
		{C72E027C-263F-4CC4-89A3-C427C3624017} = {A0F618D3-AE34-4B0B-8BEB-30D9FB847324}
		{5E8D83A4-73E7-43C3-9478-11598377AFE9} = {C72E027C-263F-4CC4-89A3-C427C3624017}
		{D6341600-6FBB-48FE-9134-4E262FED4F77} = {2B6D20A1-05DC-41B3-9817-D9C60F41963F}
		{2B6D20A1-05DC-41B3-9817-D9C60F41963F} = {A0F618D3-AE34-4B0B-8BEB-30D9FB847324}
		{B1F5FCDD-9C3B-4A73-BA7E-F2DA456055EE} = {C72E027C-263F-4CC4-89A3-C427C3624017}
		{FC896771-ECE3-4E19-908B-5F9FDE37428E} = {A0F618D3-AE34-4B0B-8BEB-30D9FB847324}
		{9A68A4AD-4B76-442B-B481-505270488ACD} = {FC896771-ECE3-4E19-908B-5F9FDE37428E}
		{ABC9BD97-CA44-4A70-96F5-1945035B23A8} = {A0F618D3-AE34-4B0B-8BEB-30D9FB847324}
		{B31FBDD7-E61D-4BBC-B2FB-264F03815127} = {ABC9BD97-CA44-4A70-96F5-1945035B23A8}
		{06BA089E-35A5-4FF7-B5B2-DF42A6B703F6} = {2B6D20A1-05DC-41B3-9817-D9C60F41963F}
	EndGlobalSection
	GlobalSection(ExtensibilityGlobals) = postSolution
		SolutionGuid = {F034DE11-5C13-4AA6-BA78-3F9BCADF0C26}
	EndGlobalSection
EndGlobal
