
Microsoft Visual Studio Solution File, Format Version 12.00
# Visual Studio Version 16
VisualStudioVersion = 16.0.29324.140
MinimumVisualStudioVersion = 10.0.40219.1
Project("{9A19103F-16F7-4668-BE54-9A1E7A4F7556}") = "MusicAggregatorApi", "Src\Application\WebServices\MusicAggregatorApi\MusicAggregatorApi.csproj", "{09742DFD-9304-4BDE-BC8E-C17CE4F35299}"
EndProject
Project("{2150E333-8FDC-42A3-9474-1A3956D46DE8}") = "Src", "Src", "{C623A156-0F04-476E-80A7-96DD334802AE}"
	ProjectSection(SolutionItems) = preProject
		TODO.txt = TODO.txt
	EndProjectSection
EndProject
Project("{2150E333-8FDC-42A3-9474-1A3956D46DE8}") = "Application", "Application", "{A0F618D3-AE34-4B0B-8BEB-30D9FB847324}"
EndProject
Project("{2150E333-8FDC-42A3-9474-1A3956D46DE8}") = "2. WebServices", "2. WebServices", "{B1AEEEA1-B23F-498F-A71A-DF008AB4A630}"
EndProject
Project("{9A19103F-16F7-4668-BE54-9A1E7A4F7556}") = "Playground.Core", "Src\Application\Playground.Core\Playground.Core.csproj", "{D1374DA7-5548-4533-BBBC-C733D0F1803E}"
EndProject
Project("{2150E333-8FDC-42A3-9474-1A3956D46DE8}") = "3. Tests", "3. Tests", "{2E8B35EC-F645-4996-910B-F3C5F04A02BD}"
EndProject
Project("{2150E333-8FDC-42A3-9474-1A3956D46DE8}") = "1. Core", "1. Core", "{5705EFE9-3CBB-48DF-A866-3DD6803FF227}"
EndProject
Global
	GlobalSection(SolutionConfigurationPlatforms) = preSolution
		Debug|Any CPU = Debug|Any CPU
		Release|Any CPU = Release|Any CPU
	EndGlobalSection
	GlobalSection(ProjectConfigurationPlatforms) = postSolution
		{09742DFD-9304-4BDE-BC8E-C17CE4F35299}.Debug|Any CPU.ActiveCfg = Debug|Any CPU
		{09742DFD-9304-4BDE-BC8E-C17CE4F35299}.Debug|Any CPU.Build.0 = Debug|Any CPU
		{09742DFD-9304-4BDE-BC8E-C17CE4F35299}.Release|Any CPU.ActiveCfg = Release|Any CPU
		{09742DFD-9304-4BDE-BC8E-C17CE4F35299}.Release|Any CPU.Build.0 = Release|Any CPU
		{D1374DA7-5548-4533-BBBC-C733D0F1803E}.Debug|Any CPU.ActiveCfg = Debug|Any CPU
		{D1374DA7-5548-4533-BBBC-C733D0F1803E}.Debug|Any CPU.Build.0 = Debug|Any CPU
		{D1374DA7-5548-4533-BBBC-C733D0F1803E}.Release|Any CPU.ActiveCfg = Release|Any CPU
		{D1374DA7-5548-4533-BBBC-C733D0F1803E}.Release|Any CPU.Build.0 = Release|Any CPU
	EndGlobalSection
	GlobalSection(SolutionProperties) = preSolution
		HideSolutionNode = FALSE
	EndGlobalSection
	GlobalSection(NestedProjects) = preSolution
		{09742DFD-9304-4BDE-BC8E-C17CE4F35299} = {B1AEEEA1-B23F-498F-A71A-DF008AB4A630}
		{A0F618D3-AE34-4B0B-8BEB-30D9FB847324} = {C623A156-0F04-476E-80A7-96DD334802AE}
		{B1AEEEA1-B23F-498F-A71A-DF008AB4A630} = {A0F618D3-AE34-4B0B-8BEB-30D9FB847324}
		{D1374DA7-5548-4533-BBBC-C733D0F1803E} = {5705EFE9-3CBB-48DF-A866-3DD6803FF227}
		{2E8B35EC-F645-4996-910B-F3C5F04A02BD} = {A0F618D3-AE34-4B0B-8BEB-30D9FB847324}
		{5705EFE9-3CBB-48DF-A866-3DD6803FF227} = {A0F618D3-AE34-4B0B-8BEB-30D9FB847324}
	EndGlobalSection
	GlobalSection(ExtensibilityGlobals) = postSolution
		SolutionGuid = {F034DE11-5C13-4AA6-BA78-3F9BCADF0C26}
	EndGlobalSection
EndGlobal
